PODS:
  - Ext (0.5.0):
    - Ext/Feature (= 0.5.0)
    - Ext/UI (= 0.5.0)
  - Ext/Core (0.5.0)
  - Ext/Extension (0.5.0):
    - Ext/Core
  - Ext/Feature (0.5.0):
    - Ext/Extension
  - Ext/UI (0.5.0):
    - Ext/Extension

DEPENDENCIES:
  - Ext (from `../../../Ext`)

EXTERNAL SOURCES:
  Ext:
    :path: "../../../Ext"

SPEC CHECKSUMS:
  Ext: 3c7734bdc150e4c7b91ca3951e6631812994e46a

PODFILE CHECKSUM: 7cf1508a62a599b7d6c87273c82124961e0c7116

COCOAPODS: 1.11.3
