PODS:
  - Ext (0.0.1):
    - Ext/Extension (= 0.0.1)
    - Ext/UI (= 0.0.1)
  - Ext/Extension (0.0.1)
  - Ext/UI (0.0.1)

DEPENDENCIES:
  - Ext (from `../../../Ext`)

EXTERNAL SOURCES:
  Ext:
    :path: "../../../Ext"

SPEC CHECKSUMS:
  Ext: cacd26f7c316ec3af46a58d4b3071f860ec52882

PODFILE CHECKSUM: 7cf1508a62a599b7d6c87273c82124961e0c7116

COCOAPODS: 1.10.1
